<?xml version="1.0" encoding="utf-8"?>
<Project ToolsVersion="4.0" xmlns="http://schemas.microsoft.com/developer/msbuild/2003">
  <ItemGroup>
    <ClCompile Include="src\Main.cpp" />
    <ClCompile Include="src\Precompilied.cpp" />
    <ClCompile Include="src\Debugging\Log.cpp" />
    <ClCompile Include="src\Rendering\VertexBuffer.cpp" />
    <ClCompile Include="src\Rendering\IndexBuffer.cpp" />
    <ClCompile Include="src\Rendering\VertexArray.cpp" />
    <ClCompile Include="src\Rendering\Shader.cpp" />
    <ClCompile Include="src\Rendering\Renderer.cpp" />
    <ClCompile Include="src\Rendering\Texture.cpp" />
    <ClCompile Include="lib\vendor\imgui\imgui.cpp" />
    <ClCompile Include="lib\vendor\imgui\imgui_demo.cpp" />
    <ClCompile Include="lib\vendor\imgui\imgui_draw.cpp" />
    <ClCompile Include="lib\vendor\imgui\imgui_impl_glfw.cpp" />
    <ClCompile Include="lib\vendor\imgui\imgui_impl_opengl3.cpp" />
    <ClCompile Include="lib\vendor\imgui\imgui_widgets.cpp" />
    <ClCompile Include="src\Tests\ClearColor.cpp" />
    <ClCompile Include="src\Tests\Test.cpp" />
    <ClCompile Include="src\Tests\TextureTest2D.cpp" />
  </ItemGroup>
  <ItemGroup>
    <ClInclude Include="src\Precompilied.h" />
    <ClInclude Include="src\Debugging\Log.h" />
    <ClInclude Include="src\StdLib.h" />
    <ClInclude Include="src\Rendering\Renderer.h" />
    <ClInclude Include="src\Rendering\VertexBuffer.h" />
    <ClInclude Include="src\Rendering\IndexBuffer.h" />
    <ClInclude Include="src\Rendering\VertexArray.h" />
    <ClInclude Include="src\Rendering\VertexBufferLayout.h" />
    <ClInclude Include="src\Rendering\Shader.h" />
    <ClInclude Include="lib\stb_image\stb_image.h" />
    <ClInclude Include="src\Rendering\Texture.h" />
    <ClInclude Include="lib\vendor\imgui\imconfig.h" />
    <ClInclude Include="lib\vendor\imgui\imgui.h" />
    <ClInclude Include="lib\vendor\imgui\imgui_impl_glfw.h" />
    <ClInclude Include="lib\vendor\imgui\imgui_impl_opengl3.h" />
    <ClInclude Include="lib\vendor\imgui\imgui_internal.h" />
    <ClInclude Include="lib\vendor\imgui\imstb_rectpack.h" />
    <ClInclude Include="lib\vendor\imgui\imstb_textedit.h" />
    <ClInclude Include="lib\vendor\imgui\imstb_truetype.h" />
    <ClInclude Include="src\Tests\Test.h" />
    <ClInclude Include="src\Tests\ClearColorTest.h" />
    <ClInclude Include="src\Tests\TextureTest2D.h" />
  </ItemGroup>
  <ItemGroup>
    <None Include="res\Shaders\Basic.shader" />
  </ItemGroup>
</Project>